
Microsoft Visual Studio Solution File, Format Version 12.00
# Visual Studio Version 17
VisualStudioVersion = 17.14.36908.2 d17.14
MinimumVisualStudioVersion = 10.0.40219.1
Project("{FAE04EC0-301F-11D3-BF4B-00C04F79EFBC}") = "LibraryControlService", "LibraryControlService\LibraryControlService.csproj", "{6CB72FE3-3E55-4F6A-9D7B-A495B8EEC819}"
EndProject
Global
	GlobalSection(SolutionConfigurationPlatforms) = preSolution
		Debug|Any CPU = Debug|Any CPU
		Release|Any CPU = Release|Any CPU
	EndGlobalSection
	GlobalSection(ProjectConfigurationPlatforms) = postSolution
		{6CB72FE3-3E55-4F6A-9D7B-A495B8EEC819}.Debug|Any CPU.ActiveCfg = Debug|Any CPU
		{6CB72FE3-3E55-4F6A-9D7B-A495B8EEC819}.Debug|Any CPU.Build.0 = Debug|Any CPU
		{6CB72FE3-3E55-4F6A-9D7B-A495B8EEC819}.Release|Any CPU.ActiveCfg = Release|Any CPU
		{6CB72FE3-3E55-4F6A-9D7B-A495B8EEC819}.Release|Any CPU.Build.0 = Release|Any CPU
	EndGlobalSection
	GlobalSection(SolutionProperties) = preSolution
		HideSolutionNode = FALSE
	EndGlobalSection
	GlobalSection(ExtensibilityGlobals) = postSolution
		SolutionGuid = {B44CB845-D6EA-4DD9-9663-6A052C131AF8}
	EndGlobalSection
EndGlobal
